Microsoft Visual Studio Solution File, Format Version 12.00
# Visual Studio 14
VisualStudioVersion = 14.0.25420.1
MinimumVisualStudioVersion = 10.0.40219.1
Project("{FAE04EC0-301F-11D3-BF4B-00C04F79EFBC}") = "Example", "Example\Example.csproj", "{40FF9941-B627-4A3E-A00D-FAA7DE6016BF}"
EndProject
Project("{FAE04EC0-301F-11D3-BF4B-00C04F79EFBC}") = "ReactNative", "..\node_modules\react-native-windows\ReactWindows\ReactNative\ReactNative.csproj", "{C7673AD5-E3AA-468C-A5FD-FA38154E205C}"
EndProject
Project("{D954291E-2A0B-460D-934E-DC6B0785DB48}") = "ReactNative.Shared", "..\node_modules\react-native-windows\ReactWindows\ReactNative.Shared\ReactNative.Shared.shproj", "{EEA8B852-4D07-48E1-8294-A21AB5909FE5}"
EndProject
Project("{8BC9CEB8-8B4A-11D0-8D11-00A0C91BC942}") = "ChakraBridge", "..\node_modules\react-native-windows\ReactWindows\ChakraBridge\ChakraBridge.vcxproj", "{4B72C796-16D5-4E3A-81C0-3E36F531E578}"
EndProject
Project("{FAE04EC0-301F-11D3-BF4B-00C04F79EFBC}") = "ImagePickerLibrary", "..\..\windows\ImagePickerLibrary\ImagePickerLibrary.csproj", "{9E2E5051-2771-4B40-BE68-DD696DF93CC0}"
EndProject
Global
	GlobalSection(SharedMSBuildProjectFiles) = preSolution
		..\node_modules\react-native-windows\ReactWindows\ReactNative.Shared\ReactNative.Shared.projitems*{c7673ad5-e3aa-468c-a5fd-fa38154e205c}*SharedItemsImports = 4
		..\node_modules\react-native-windows\ReactWindows\ReactNative.Shared\ReactNative.Shared.projitems*{eea8b852-4d07-48e1-8294-a21ab5909fe5}*SharedItemsImports = 13
	EndGlobalSection
	GlobalSection(SolutionConfigurationPlatforms) = preSolution
		Debug|Any CPU = Debug|Any CPU
		Debug|ARM = Debug|ARM
		Debug|x64 = Debug|x64
		Debug|x86 = Debug|x86
		DebugBundle|Any CPU = DebugBundle|Any CPU
		DebugBundle|ARM = DebugBundle|ARM
		DebugBundle|x64 = DebugBundle|x64
		DebugBundle|x86 = DebugBundle|x86
		Release|Any CPU = Release|Any CPU
		Release|ARM = Release|ARM
		Release|x64 = Release|x64
		Release|x86 = Release|x86
		ReleaseBundle|Any CPU = ReleaseBundle|Any CPU
		ReleaseBundle|ARM = ReleaseBundle|ARM
		ReleaseBundle|x64 = ReleaseBundle|x64
		ReleaseBundle|x86 = ReleaseBundle|x86
	EndGlobalSection
	GlobalSection(ProjectConfigurationPlatforms) = postSolution
		{40FF9941-B627-4A3E-A00D-FAA7DE6016BF}.Debug|Any CPU.ActiveCfg = Debug|x86
		{40FF9941-B627-4A3E-A00D-FAA7DE6016BF}.Debug|ARM.ActiveCfg = Debug|ARM
		{40FF9941-B627-4A3E-A00D-FAA7DE6016BF}.Debug|ARM.Build.0 = Debug|ARM
		{40FF9941-B627-4A3E-A00D-FAA7DE6016BF}.Debug|ARM.Deploy.0 = Debug|ARM
		{40FF9941-B627-4A3E-A00D-FAA7DE6016BF}.Debug|x64.ActiveCfg = Debug|x64
		{40FF9941-B627-4A3E-A00D-FAA7DE6016BF}.Debug|x64.Build.0 = Debug|x64
		{40FF9941-B627-4A3E-A00D-FAA7DE6016BF}.Debug|x64.Deploy.0 = Debug|x64
		{40FF9941-B627-4A3E-A00D-FAA7DE6016BF}.Debug|x86.ActiveCfg = Debug|x86
		{40FF9941-B627-4A3E-A00D-FAA7DE6016BF}.Debug|x86.Build.0 = Debug|x86
		{40FF9941-B627-4A3E-A00D-FAA7DE6016BF}.Debug|x86.Deploy.0 = Debug|x86
		{40FF9941-B627-4A3E-A00D-FAA7DE6016BF}.DebugBundle|Any CPU.ActiveCfg = DebugBundle|x86
		{40FF9941-B627-4A3E-A00D-FAA7DE6016BF}.DebugBundle|ARM.ActiveCfg = DebugBundle|ARM
		{40FF9941-B627-4A3E-A00D-FAA7DE6016BF}.DebugBundle|ARM.Build.0 = DebugBundle|ARM
		{40FF9941-B627-4A3E-A00D-FAA7DE6016BF}.DebugBundle|ARM.Deploy.0 = DebugBundle|ARM
		{40FF9941-B627-4A3E-A00D-FAA7DE6016BF}.DebugBundle|x64.ActiveCfg = DebugBundle|x64
		{40FF9941-B627-4A3E-A00D-FAA7DE6016BF}.DebugBundle|x64.Build.0 = DebugBundle|x64
		{40FF9941-B627-4A3E-A00D-FAA7DE6016BF}.DebugBundle|x64.Deploy.0 = DebugBundle|x64
		{40FF9941-B627-4A3E-A00D-FAA7DE6016BF}.DebugBundle|x86.ActiveCfg = DebugBundle|x86
		{40FF9941-B627-4A3E-A00D-FAA7DE6016BF}.DebugBundle|x86.Build.0 = DebugBundle|x86
		{40FF9941-B627-4A3E-A00D-FAA7DE6016BF}.DebugBundle|x86.Deploy.0 = DebugBundle|x86
		{40FF9941-B627-4A3E-A00D-FAA7DE6016BF}.Release|Any CPU.ActiveCfg = Release|x86
		{40FF9941-B627-4A3E-A00D-FAA7DE6016BF}.Release|ARM.ActiveCfg = Release|ARM
		{40FF9941-B627-4A3E-A00D-FAA7DE6016BF}.Release|ARM.Build.0 = Release|ARM
		{40FF9941-B627-4A3E-A00D-FAA7DE6016BF}.Release|ARM.Deploy.0 = Release|ARM
		{40FF9941-B627-4A3E-A00D-FAA7DE6016BF}.Release|x64.ActiveCfg = Release|x64
		{40FF9941-B627-4A3E-A00D-FAA7DE6016BF}.Release|x64.Build.0 = Release|x64
		{40FF9941-B627-4A3E-A00D-FAA7DE6016BF}.Release|x64.Deploy.0 = Release|x64
		{40FF9941-B627-4A3E-A00D-FAA7DE6016BF}.Release|x86.ActiveCfg = Release|x86
		{40FF9941-B627-4A3E-A00D-FAA7DE6016BF}.Release|x86.Build.0 = Release|x86
		{40FF9941-B627-4A3E-A00D-FAA7DE6016BF}.Release|x86.Deploy.0 = Release|x86
		{40FF9941-B627-4A3E-A00D-FAA7DE6016BF}.ReleaseBundle|Any CPU.ActiveCfg = ReleaseBundle|x86
		{40FF9941-B627-4A3E-A00D-FAA7DE6016BF}.ReleaseBundle|ARM.ActiveCfg = ReleaseBundle|ARM
		{40FF9941-B627-4A3E-A00D-FAA7DE6016BF}.ReleaseBundle|ARM.Build.0 = ReleaseBundle|ARM
		{40FF9941-B627-4A3E-A00D-FAA7DE6016BF}.ReleaseBundle|ARM.Deploy.0 = ReleaseBundle|ARM
		{40FF9941-B627-4A3E-A00D-FAA7DE6016BF}.ReleaseBundle|x64.ActiveCfg = ReleaseBundle|x64
		{40FF9941-B627-4A3E-A00D-FAA7DE6016BF}.ReleaseBundle|x64.Build.0 = ReleaseBundle|x64
		{40FF9941-B627-4A3E-A00D-FAA7DE6016BF}.ReleaseBundle|x64.Deploy.0 = ReleaseBundle|x64
		{40FF9941-B627-4A3E-A00D-FAA7DE6016BF}.ReleaseBundle|x86.ActiveCfg = ReleaseBundle|x86
		{40FF9941-B627-4A3E-A00D-FAA7DE6016BF}.ReleaseBundle|x86.Build.0 = ReleaseBundle|x86
		{40FF9941-B627-4A3E-A00D-FAA7DE6016BF}.ReleaseBundle|x86.Deploy.0 = ReleaseBundle|x86
		{C7673AD5-E3AA-468C-A5FD-FA38154E205C}.Debug|Any CPU.ActiveCfg = Debug|x86
		{C7673AD5-E3AA-468C-A5FD-FA38154E205C}.Debug|ARM.ActiveCfg = Debug|ARM
		{C7673AD5-E3AA-468C-A5FD-FA38154E205C}.Debug|ARM.Build.0 = Debug|ARM
		{C7673AD5-E3AA-468C-A5FD-FA38154E205C}.Debug|x64.ActiveCfg = Debug|x64
		{C7673AD5-E3AA-468C-A5FD-FA38154E205C}.Debug|x64.Build.0 = Debug|x64
		{C7673AD5-E3AA-468C-A5FD-FA38154E205C}.Debug|x86.ActiveCfg = Debug|x86
		{C7673AD5-E3AA-468C-A5FD-FA38154E205C}.Debug|x86.Build.0 = Debug|x86
		{C7673AD5-E3AA-468C-A5FD-FA38154E205C}.DebugBundle|Any CPU.ActiveCfg = Release|x86
		{C7673AD5-E3AA-468C-A5FD-FA38154E205C}.DebugBundle|Any CPU.Build.0 = Release|x86
		{C7673AD5-E3AA-468C-A5FD-FA38154E205C}.DebugBundle|ARM.ActiveCfg = Debug|ARM
		{C7673AD5-E3AA-468C-A5FD-FA38154E205C}.DebugBundle|ARM.Build.0 = Debug|ARM
		{C7673AD5-E3AA-468C-A5FD-FA38154E205C}.DebugBundle|x64.ActiveCfg = Debug|x64
		{C7673AD5-E3AA-468C-A5FD-FA38154E205C}.DebugBundle|x64.Build.0 = Debug|x64
		{C7673AD5-E3AA-468C-A5FD-FA38154E205C}.DebugBundle|x86.ActiveCfg = Debug|x86
		{C7673AD5-E3AA-468C-A5FD-FA38154E205C}.DebugBundle|x86.Build.0 = Debug|x86
		{C7673AD5-E3AA-468C-A5FD-FA38154E205C}.Release|Any CPU.ActiveCfg = Release|x86
		{C7673AD5-E3AA-468C-A5FD-FA38154E205C}.Release|ARM.ActiveCfg = Release|ARM
		{C7673AD5-E3AA-468C-A5FD-FA38154E205C}.Release|ARM.Build.0 = Release|ARM
		{C7673AD5-E3AA-468C-A5FD-FA38154E205C}.Release|x64.ActiveCfg = Release|x64
		{C7673AD5-E3AA-468C-A5FD-FA38154E205C}.Release|x64.Build.0 = Release|x64
		{C7673AD5-E3AA-468C-A5FD-FA38154E205C}.Release|x86.ActiveCfg = Release|x86
		{C7673AD5-E3AA-468C-A5FD-FA38154E205C}.Release|x86.Build.0 = Release|x86
		{C7673AD5-E3AA-468C-A5FD-FA38154E205C}.ReleaseBundle|Any CPU.ActiveCfg = Release|x86
		{C7673AD5-E3AA-468C-A5FD-FA38154E205C}.ReleaseBundle|Any CPU.Build.0 = Release|x86
		{C7673AD5-E3AA-468C-A5FD-FA38154E205C}.ReleaseBundle|ARM.ActiveCfg = Release|ARM
		{C7673AD5-E3AA-468C-A5FD-FA38154E205C}.ReleaseBundle|ARM.Build.0 = Release|ARM
		{C7673AD5-E3AA-468C-A5FD-FA38154E205C}.ReleaseBundle|x64.ActiveCfg = Release|x64
		{C7673AD5-E3AA-468C-A5FD-FA38154E205C}.ReleaseBundle|x64.Build.0 = Release|x64
		{C7673AD5-E3AA-468C-A5FD-FA38154E205C}.ReleaseBundle|x86.ActiveCfg = Release|x86
		{C7673AD5-E3AA-468C-A5FD-FA38154E205C}.ReleaseBundle|x86.Build.0 = Release|x86
		{4B72C796-16D5-4E3A-81C0-3E36F531E578}.Debug|Any CPU.ActiveCfg = Debug|Win32
		{4B72C796-16D5-4E3A-81C0-3E36F531E578}.Debug|ARM.ActiveCfg = Debug|ARM
		{4B72C796-16D5-4E3A-81C0-3E36F531E578}.Debug|ARM.Build.0 = Debug|ARM
		{4B72C796-16D5-4E3A-81C0-3E36F531E578}.Debug|x64.ActiveCfg = Debug|x64
		{4B72C796-16D5-4E3A-81C0-3E36F531E578}.Debug|x64.Build.0 = Debug|x64
		{4B72C796-16D5-4E3A-81C0-3E36F531E578}.Debug|x86.ActiveCfg = Debug|Win32
		{4B72C796-16D5-4E3A-81C0-3E36F531E578}.Debug|x86.Build.0 = Debug|Win32
		{4B72C796-16D5-4E3A-81C0-3E36F531E578}.DebugBundle|Any CPU.ActiveCfg = Release|Win32
		{4B72C796-16D5-4E3A-81C0-3E36F531E578}.DebugBundle|Any CPU.Build.0 = Release|Win32
		{4B72C796-16D5-4E3A-81C0-3E36F531E578}.DebugBundle|ARM.ActiveCfg = Debug|ARM
		{4B72C796-16D5-4E3A-81C0-3E36F531E578}.DebugBundle|ARM.Build.0 = Debug|ARM
		{4B72C796-16D5-4E3A-81C0-3E36F531E578}.DebugBundle|x64.ActiveCfg = Debug|x64
		{4B72C796-16D5-4E3A-81C0-3E36F531E578}.DebugBundle|x64.Build.0 = Debug|x64
		{4B72C796-16D5-4E3A-81C0-3E36F531E578}.DebugBundle|x86.ActiveCfg = Debug|Win32
		{4B72C796-16D5-4E3A-81C0-3E36F531E578}.DebugBundle|x86.Build.0 = Debug|Win32
		{4B72C796-16D5-4E3A-81C0-3E36F531E578}.Release|Any CPU.ActiveCfg = Release|Win32
		{4B72C796-16D5-4E3A-81C0-3E36F531E578}.Release|ARM.ActiveCfg = Release|ARM
		{4B72C796-16D5-4E3A-81C0-3E36F531E578}.Release|ARM.Build.0 = Release|ARM
		{4B72C796-16D5-4E3A-81C0-3E36F531E578}.Release|x64.ActiveCfg = Release|x64
		{4B72C796-16D5-4E3A-81C0-3E36F531E578}.Release|x64.Build.0 = Release|x64
		{4B72C796-16D5-4E3A-81C0-3E36F531E578}.Release|x86.ActiveCfg = Release|Win32
		{4B72C796-16D5-4E3A-81C0-3E36F531E578}.Release|x86.Build.0 = Release|Win32
		{4B72C796-16D5-4E3A-81C0-3E36F531E578}.ReleaseBundle|Any CPU.ActiveCfg = Release|Win32
		{4B72C796-16D5-4E3A-81C0-3E36F531E578}.ReleaseBundle|Any CPU.Build.0 = Release|Win32
		{4B72C796-16D5-4E3A-81C0-3E36F531E578}.ReleaseBundle|ARM.ActiveCfg = Release|ARM
		{4B72C796-16D5-4E3A-81C0-3E36F531E578}.ReleaseBundle|ARM.Build.0 = Release|ARM
		{4B72C796-16D5-4E3A-81C0-3E36F531E578}.ReleaseBundle|x64.ActiveCfg = Release|x64
		{4B72C796-16D5-4E3A-81C0-3E36F531E578}.ReleaseBundle|x64.Build.0 = Release|x64
		{4B72C796-16D5-4E3A-81C0-3E36F531E578}.ReleaseBundle|x86.ActiveCfg = Release|Win32
		{4B72C796-16D5-4E3A-81C0-3E36F531E578}.ReleaseBundle|x86.Build.0 = Release|Win32
		{9E2E5051-2771-4B40-BE68-DD696DF93CC0}.Debug|Any CPU.ActiveCfg = Debug|Any CPU
		{9E2E5051-2771-4B40-BE68-DD696DF93CC0}.Debug|Any CPU.Build.0 = Debug|Any CPU
		{9E2E5051-2771-4B40-BE68-DD696DF93CC0}.Debug|ARM.ActiveCfg = Debug|ARM
		{9E2E5051-2771-4B40-BE68-DD696DF93CC0}.Debug|ARM.Build.0 = Debug|ARM
		{9E2E5051-2771-4B40-BE68-DD696DF93CC0}.Debug|x64.ActiveCfg = Debug|x64
		{9E2E5051-2771-4B40-BE68-DD696DF93CC0}.Debug|x64.Build.0 = Debug|x64
		{9E2E5051-2771-4B40-BE68-DD696DF93CC0}.Debug|x86.ActiveCfg = Debug|x86
		{9E2E5051-2771-4B40-BE68-DD696DF93CC0}.Debug|x86.Build.0 = Debug|x86
		{9E2E5051-2771-4B40-BE68-DD696DF93CC0}.DebugBundle|Any CPU.ActiveCfg = Debug|Any CPU
		{9E2E5051-2771-4B40-BE68-DD696DF93CC0}.DebugBundle|Any CPU.Build.0 = Debug|Any CPU
		{9E2E5051-2771-4B40-BE68-DD696DF93CC0}.DebugBundle|ARM.ActiveCfg = Debug|ARM
		{9E2E5051-2771-4B40-BE68-DD696DF93CC0}.DebugBundle|ARM.Build.0 = Debug|ARM
		{9E2E5051-2771-4B40-BE68-DD696DF93CC0}.DebugBundle|x64.ActiveCfg = Debug|x64
		{9E2E5051-2771-4B40-BE68-DD696DF93CC0}.DebugBundle|x64.Build.0 = Debug|x64
		{9E2E5051-2771-4B40-BE68-DD696DF93CC0}.DebugBundle|x86.ActiveCfg = Debug|x86
		{9E2E5051-2771-4B40-BE68-DD696DF93CC0}.DebugBundle|x86.Build.0 = Debug|x86
		{9E2E5051-2771-4B40-BE68-DD696DF93CC0}.Release|Any CPU.ActiveCfg = Release|Any CPU
		{9E2E5051-2771-4B40-BE68-DD696DF93CC0}.Release|Any CPU.Build.0 = Release|Any CPU
		{9E2E5051-2771-4B40-BE68-DD696DF93CC0}.Release|ARM.ActiveCfg = Release|ARM
		{9E2E5051-2771-4B40-BE68-DD696DF93CC0}.Release|ARM.Build.0 = Release|ARM
		{9E2E5051-2771-4B40-BE68-DD696DF93CC0}.Release|x64.ActiveCfg = Release|x64
		{9E2E5051-2771-4B40-BE68-DD696DF93CC0}.Release|x64.Build.0 = Release|x64
		{9E2E5051-2771-4B40-BE68-DD696DF93CC0}.Release|x86.ActiveCfg = Release|x86
		{9E2E5051-2771-4B40-BE68-DD696DF93CC0}.Release|x86.Build.0 = Release|x86
		{9E2E5051-2771-4B40-BE68-DD696DF93CC0}.ReleaseBundle|Any CPU.ActiveCfg = Release|Any CPU
		{9E2E5051-2771-4B40-BE68-DD696DF93CC0}.ReleaseBundle|Any CPU.Build.0 = Release|Any CPU
		{9E2E5051-2771-4B40-BE68-DD696DF93CC0}.ReleaseBundle|ARM.ActiveCfg = Release|ARM
		{9E2E5051-2771-4B40-BE68-DD696DF93CC0}.ReleaseBundle|ARM.Build.0 = Release|ARM
		{9E2E5051-2771-4B40-BE68-DD696DF93CC0}.ReleaseBundle|x64.ActiveCfg = Release|x64
		{9E2E5051-2771-4B40-BE68-DD696DF93CC0}.ReleaseBundle|x64.Build.0 = Release|x64
		{9E2E5051-2771-4B40-BE68-DD696DF93CC0}.ReleaseBundle|x86.ActiveCfg = Release|x86
		{9E2E5051-2771-4B40-BE68-DD696DF93CC0}.ReleaseBundle|x86.Build.0 = Release|x86
	EndGlobalSection
	GlobalSection(SolutionProperties) = preSolution
		HideSolutionNode = FALSE
	EndGlobalSection
EndGlobal
